
Microsoft Visual Studio Solution File, Format Version 12.00
# Visual Studio 15
VisualStudioVersion = 15.0.27130.2027
MinimumVisualStudioVersion = 10.0.40219.1
Project("{FAE04EC0-301F-11D3-BF4B-00C04F79EFBC}") = "AppointmentScheduler", "AppointmentScheduler\AppointmentScheduler.csproj", "{75C68A0D-2529-4FEE-928E-E2461E95C4A3}"
EndProject
Global
	GlobalSection(SolutionConfigurationPlatforms) = preSolution
		Debug|Any CPU = Debug|Any CPU
		Release|Any CPU = Release|Any CPU
	EndGlobalSection
	GlobalSection(ProjectConfigurationPlatforms) = postSolution
		{75C68A0D-2529-4FEE-928E-E2461E95C4A3}.Debug|Any CPU.ActiveCfg = Debug|Any CPU
		{75C68A0D-2529-4FEE-928E-E2461E95C4A3}.Debug|Any CPU.Build.0 = Debug|Any CPU
		{75C68A0D-2529-4FEE-928E-E2461E95C4A3}.Release|Any CPU.ActiveCfg = Release|Any CPU
		{75C68A0D-2529-4FEE-928E-E2461E95C4A3}.Release|Any CPU.Build.0 = Release|Any CPU
	EndGlobalSection
	GlobalSection(SolutionProperties) = preSolution
		HideSolutionNode = FALSE
	EndGlobalSection
	GlobalSection(ExtensibilityGlobals) = postSolution
		SolutionGuid = {D99739F9-A08E-4CAF-BF43-3CF5631E33BD}
	EndGlobalSection
EndGlobal
